
Microsoft Visual Studio Solution File, Format Version 12.00
# Visual Studio Version 17
VisualStudioVersion = 17.3.32901.215
MinimumVisualStudioVersion = 10.0.40219.1
Project("{FAE04EC0-301F-11D3-BF4B-00C04F79EFBC}") = "PrecoProdutosBaseadoEmEstado_Console", "PrecoProdutosBaseadoEmEstado_Console.csproj", "{B29F6B09-4B1C-4F15-9CE0-BE52C4903C04}"
EndProject
Global
	GlobalSection(SolutionConfigurationPlatforms) = preSolution
		Debug|Any CPU = Debug|Any CPU
		Release|Any CPU = Release|Any CPU
	EndGlobalSection
	GlobalSection(ProjectConfigurationPlatforms) = postSolution
		{B29F6B09-4B1C-4F15-9CE0-BE52C4903C04}.Debug|Any CPU.ActiveCfg = Debug|Any CPU
		{B29F6B09-4B1C-4F15-9CE0-BE52C4903C04}.Debug|Any CPU.Build.0 = Debug|Any CPU
		{B29F6B09-4B1C-4F15-9CE0-BE52C4903C04}.Release|Any CPU.ActiveCfg = Release|Any CPU
		{B29F6B09-4B1C-4F15-9CE0-BE52C4903C04}.Release|Any CPU.Build.0 = Release|Any CPU
	EndGlobalSection
	GlobalSection(SolutionProperties) = preSolution
		HideSolutionNode = FALSE
	EndGlobalSection
	GlobalSection(ExtensibilityGlobals) = postSolution
		SolutionGuid = {824B6401-579B-48B3-955B-A849B9263D9C}
	EndGlobalSection
EndGlobal
